
Microsoft Visual Studio Solution File, Format Version 12.00
# Visual Studio 15
VisualStudioVersion = 15.0.28010.2036
MinimumVisualStudioVersion = 10.0.40219.1
Project("{FAE04EC0-301F-11D3-BF4B-00C04F79EFBC}") = "FUN12", "FUN12\FUN12.csproj", "{3A31998B-C0A7-4C11-BF85-8F97A7763CF0}"
EndProject
Global
	GlobalSection(SolutionConfigurationPlatforms) = preSolution
		Debug|Any CPU = Debug|Any CPU
		Release|Any CPU = Release|Any CPU
	EndGlobalSection
	GlobalSection(ProjectConfigurationPlatforms) = postSolution
		{3A31998B-C0A7-4C11-BF85-8F97A7763CF0}.Debug|Any CPU.ActiveCfg = Debug|Any CPU
		{3A31998B-C0A7-4C11-BF85-8F97A7763CF0}.Debug|Any CPU.Build.0 = Debug|Any CPU
		{3A31998B-C0A7-4C11-BF85-8F97A7763CF0}.Release|Any CPU.ActiveCfg = Release|Any CPU
		{3A31998B-C0A7-4C11-BF85-8F97A7763CF0}.Release|Any CPU.Build.0 = Release|Any CPU
	EndGlobalSection
	GlobalSection(SolutionProperties) = preSolution
		HideSolutionNode = FALSE
	EndGlobalSection
	GlobalSection(ExtensibilityGlobals) = postSolution
		SolutionGuid = {8CECA158-DE16-46A7-A7C0-4C16E9981490}
	EndGlobalSection
EndGlobal
